# This file is autogenerated, do not edit; changes may be undone by the next 'dep ensure'.


[[projects]]
  branch = "master"
  digest = "1:b30ae084771993f574cd6416fd83352f48de2b873d51bc938b6d259fca3605a5"
  name = "github.com/songgao/water"
  packages = ["."]
  pruneopts = "UT"
  revision = "f6122f5b2fbd92ace9b2819f0be4148be5690a1f"

[[projects]]
  branch = "master"
  digest = "1:0fe723b8738368ea4ba51b1ebbfc8b528946e2d4ec5f3d64c83e90f0d1852bb1"
  name = "golang.org/x/sys"
  packages = [
    "windows",
    "windows/registry",
  ]
  pruneopts = "UT"
  revision = "fead79001313d15903fb4605b4a1b781532cd93e"

[solve-meta]
  analyzer-name = "dep"
  analyzer-version = 1
  input-imports = ["github.com/songgao/water"]
  solver-name = "gps-cdcl"
  solver-version = 1
